
Microsoft Visual Studio Solution File, Format Version 12.00
# Visual Studio Version 17
VisualStudioVersion = 17.2.32526.322
MinimumVisualStudioVersion = 10.0.40219.1
Project("{FAE04EC0-301F-11D3-BF4B-00C04F79EFBC}") = "SistemaVendas", "SistemaVendas\SistemaVendas.csproj", "{00AFDDFC-7F04-4D43-9CE3-D2B767701B02}"
EndProject
Global
	GlobalSection(SolutionConfigurationPlatforms) = preSolution
		Debug|Any CPU = Debug|Any CPU
		Release|Any CPU = Release|Any CPU
	EndGlobalSection
	GlobalSection(ProjectConfigurationPlatforms) = postSolution
		{00AFDDFC-7F04-4D43-9CE3-D2B767701B02}.Debug|Any CPU.ActiveCfg = Debug|Any CPU
		{00AFDDFC-7F04-4D43-9CE3-D2B767701B02}.Debug|Any CPU.Build.0 = Debug|Any CPU
		{00AFDDFC-7F04-4D43-9CE3-D2B767701B02}.Release|Any CPU.ActiveCfg = Release|Any CPU
		{00AFDDFC-7F04-4D43-9CE3-D2B767701B02}.Release|Any CPU.Build.0 = Release|Any CPU
	EndGlobalSection
	GlobalSection(SolutionProperties) = preSolution
		HideSolutionNode = FALSE
	EndGlobalSection
	GlobalSection(ExtensibilityGlobals) = postSolution
		SolutionGuid = {19D7BADE-0A76-44E2-BA76-A1098D0E2908}
	EndGlobalSection
EndGlobal
